
Microsoft Visual Studio Solution File, Format Version 12.00
# Visual Studio 14
VisualStudioVersion = 14.0.23107.0
MinimumVisualStudioVersion = 10.0.40219.1
Project("{FAE04EC0-301F-11D3-BF4B-00C04F79EFBC}") = "OpenTK", "OpenTK.csproj", "{149813C1-0CCA-407D-8757-9AECF8484828}"
EndProject
Project("{FAE04EC0-301F-11D3-BF4B-00C04F79EFBC}") = "02.OpenTK", "..\02.OpenTK\02.OpenTK.csproj", "{71063EF7-2576-4DED-91B4-FA571045448D}"
EndProject
Global
	GlobalSection(SolutionConfigurationPlatforms) = preSolution
		Debug|Any CPU = Debug|Any CPU
		Debug|x86 = Debug|x86
		Release|Any CPU = Release|Any CPU
		Release|x86 = Release|x86
	EndGlobalSection
	GlobalSection(ProjectConfigurationPlatforms) = postSolution
		{149813C1-0CCA-407D-8757-9AECF8484828}.Debug|Any CPU.ActiveCfg = Debug|x86
		{149813C1-0CCA-407D-8757-9AECF8484828}.Debug|x86.ActiveCfg = Debug|x86
		{149813C1-0CCA-407D-8757-9AECF8484828}.Debug|x86.Build.0 = Debug|x86
		{149813C1-0CCA-407D-8757-9AECF8484828}.Release|Any CPU.ActiveCfg = Release|x86
		{149813C1-0CCA-407D-8757-9AECF8484828}.Release|x86.ActiveCfg = Release|x86
		{149813C1-0CCA-407D-8757-9AECF8484828}.Release|x86.Build.0 = Release|x86
		{71063EF7-2576-4DED-91B4-FA571045448D}.Debug|Any CPU.ActiveCfg = Debug|Any CPU
		{71063EF7-2576-4DED-91B4-FA571045448D}.Debug|Any CPU.Build.0 = Debug|Any CPU
		{71063EF7-2576-4DED-91B4-FA571045448D}.Debug|x86.ActiveCfg = Debug|Any CPU
		{71063EF7-2576-4DED-91B4-FA571045448D}.Debug|x86.Build.0 = Debug|Any CPU
		{71063EF7-2576-4DED-91B4-FA571045448D}.Release|Any CPU.ActiveCfg = Release|Any CPU
		{71063EF7-2576-4DED-91B4-FA571045448D}.Release|Any CPU.Build.0 = Release|Any CPU
		{71063EF7-2576-4DED-91B4-FA571045448D}.Release|x86.ActiveCfg = Release|Any CPU
		{71063EF7-2576-4DED-91B4-FA571045448D}.Release|x86.Build.0 = Release|Any CPU
	EndGlobalSection
	GlobalSection(SolutionProperties) = preSolution
		HideSolutionNode = FALSE
	EndGlobalSection
EndGlobal
